
Microsoft Visual Studio Solution File, Format Version 12.00
# Visual Studio Version 17
VisualStudioVersion = 17.1.32210.238
MinimumVisualStudioVersion = 10.0.40219.1
Project("{2150E333-8FDC-42A3-9474-1A3956D46DE8}") = "Solution Items", "Solution Items", "{64E26841-2083-4D77-9238-20D5C3A1F993}"
	ProjectSection(SolutionItems) = preProject
		.gitattributes = .gitattributes
		.gitignore = .gitignore
		LICENSE.txt = LICENSE.txt
		README.md = README.md
		README.zh-CN.md = README.zh-CN.md
	EndProjectSection
EndProject
Project("{9A19103F-16F7-4668-BE54-9A1E7A4F7556}") = "FrameRateTask", "CSharp\FrameRateTask\FrameRateTask.csproj", "{07261E94-73FD-43C5-AAAA-8C61E7576E47}"
EndProject
Project("{2150E333-8FDC-42A3-9474-1A3956D46DE8}") = "CSharp", "CSharp", "{C0855812-2EBC-415D-92D3-C3B100DB3203}"
EndProject
Project("{2150E333-8FDC-42A3-9474-1A3956D46DE8}") = "Example", "Example", "{3524A747-8514-4044-B1A1-049F1ACB3419}"
EndProject
Project("{2150E333-8FDC-42A3-9474-1A3956D46DE8}") = "CSharp", "CSharp", "{47DC06C9-8A99-436D-B114-06EBA0FEF260}"
EndProject
Project("{9A19103F-16F7-4668-BE54-9A1E7A4F7556}") = "Hello", "Example\CSharp\Hello\Hello.csproj", "{EB55C6F7-C336-4A59-9588-11F6943E9A62}"
EndProject
Project("{9A19103F-16F7-4668-BE54-9A1E7A4F7556}") = "BreakOut", "Example\CSharp\BreakOut\BreakOut.csproj", "{5EBEE786-AE2E-4417-83CF-0468BFCBDC76}"
EndProject
Project("{9A19103F-16F7-4668-BE54-9A1E7A4F7556}") = "Congested", "Example\CSharp\Congested\Congested.csproj", "{CA4633C1-3423-4774-8575-58D1A69B9249}"
EndProject
Project("{9A19103F-16F7-4668-BE54-9A1E7A4F7556}") = "CongestionRelief", "Example\CSharp\CongestionRelief\CongestionRelief.csproj", "{B548ECDD-C64F-44A1-8D3B-8708129D423C}"
EndProject
Project("{9A19103F-16F7-4668-BE54-9A1E7A4F7556}") = "TemporaryCongestion", "Example\CSharp\TemporaryCongestion\TemporaryCongestion.csproj", "{C0F0BB0E-07FE-4D5B-84D6-99B390FEE480}"
EndProject
Project("{2150E333-8FDC-42A3-9474-1A3956D46DE8}") = ".github", ".github", "{4C14DAC8-1503-4B4B-A4BE-92DEB7FA0BDB}"
EndProject
Project("{2150E333-8FDC-42A3-9474-1A3956D46DE8}") = "workflows", "workflows", "{A3BCC22A-1330-4D1B-B2A5-16E91AA1BDD3}"
	ProjectSection(SolutionItems) = preProject
		.github\workflows\publish.yml = .github\workflows\publish.yml
		.github\workflows\test.yml = .github\workflows\test.yml
	EndProjectSection
EndProject
Project("{2150E333-8FDC-42A3-9474-1A3956D46DE8}") = "Test", "Test", "{2F814C2B-9C02-4188-AFBB-50572539ABCD}"
EndProject
Project("{9A19103F-16F7-4668-BE54-9A1E7A4F7556}") = "TestConcurrency", "CSharp\Test\TestConcurrency\TestConcurrency.csproj", "{FE78004B-F053-4C75-8427-8D17115FCA5C}"
EndProject
Project("{9A19103F-16F7-4668-BE54-9A1E7A4F7556}") = "TestBasic", "CSharp\Test\TestBasic\TestBasic.csproj", "{FF1EBDDC-F5B6-4304-AC05-7F325C21D10D}"
EndProject
Global
	GlobalSection(SolutionConfigurationPlatforms) = preSolution
		Debug|Any CPU = Debug|Any CPU
		Release|Any CPU = Release|Any CPU
	EndGlobalSection
	GlobalSection(ProjectConfigurationPlatforms) = postSolution
		{07261E94-73FD-43C5-AAAA-8C61E7576E47}.Debug|Any CPU.ActiveCfg = Debug|Any CPU
		{07261E94-73FD-43C5-AAAA-8C61E7576E47}.Debug|Any CPU.Build.0 = Debug|Any CPU
		{07261E94-73FD-43C5-AAAA-8C61E7576E47}.Release|Any CPU.ActiveCfg = Release|Any CPU
		{07261E94-73FD-43C5-AAAA-8C61E7576E47}.Release|Any CPU.Build.0 = Release|Any CPU
		{EB55C6F7-C336-4A59-9588-11F6943E9A62}.Debug|Any CPU.ActiveCfg = Debug|Any CPU
		{EB55C6F7-C336-4A59-9588-11F6943E9A62}.Debug|Any CPU.Build.0 = Debug|Any CPU
		{EB55C6F7-C336-4A59-9588-11F6943E9A62}.Release|Any CPU.ActiveCfg = Release|Any CPU
		{EB55C6F7-C336-4A59-9588-11F6943E9A62}.Release|Any CPU.Build.0 = Release|Any CPU
		{5EBEE786-AE2E-4417-83CF-0468BFCBDC76}.Debug|Any CPU.ActiveCfg = Debug|Any CPU
		{5EBEE786-AE2E-4417-83CF-0468BFCBDC76}.Debug|Any CPU.Build.0 = Debug|Any CPU
		{5EBEE786-AE2E-4417-83CF-0468BFCBDC76}.Release|Any CPU.ActiveCfg = Release|Any CPU
		{5EBEE786-AE2E-4417-83CF-0468BFCBDC76}.Release|Any CPU.Build.0 = Release|Any CPU
		{CA4633C1-3423-4774-8575-58D1A69B9249}.Debug|Any CPU.ActiveCfg = Debug|Any CPU
		{CA4633C1-3423-4774-8575-58D1A69B9249}.Debug|Any CPU.Build.0 = Debug|Any CPU
		{CA4633C1-3423-4774-8575-58D1A69B9249}.Release|Any CPU.ActiveCfg = Release|Any CPU
		{CA4633C1-3423-4774-8575-58D1A69B9249}.Release|Any CPU.Build.0 = Release|Any CPU
		{B548ECDD-C64F-44A1-8D3B-8708129D423C}.Debug|Any CPU.ActiveCfg = Debug|Any CPU
		{B548ECDD-C64F-44A1-8D3B-8708129D423C}.Debug|Any CPU.Build.0 = Debug|Any CPU
		{B548ECDD-C64F-44A1-8D3B-8708129D423C}.Release|Any CPU.ActiveCfg = Release|Any CPU
		{B548ECDD-C64F-44A1-8D3B-8708129D423C}.Release|Any CPU.Build.0 = Release|Any CPU
		{C0F0BB0E-07FE-4D5B-84D6-99B390FEE480}.Debug|Any CPU.ActiveCfg = Debug|Any CPU
		{C0F0BB0E-07FE-4D5B-84D6-99B390FEE480}.Debug|Any CPU.Build.0 = Debug|Any CPU
		{C0F0BB0E-07FE-4D5B-84D6-99B390FEE480}.Release|Any CPU.ActiveCfg = Release|Any CPU
		{C0F0BB0E-07FE-4D5B-84D6-99B390FEE480}.Release|Any CPU.Build.0 = Release|Any CPU
		{FE78004B-F053-4C75-8427-8D17115FCA5C}.Debug|Any CPU.ActiveCfg = Debug|Any CPU
		{FE78004B-F053-4C75-8427-8D17115FCA5C}.Debug|Any CPU.Build.0 = Debug|Any CPU
		{FE78004B-F053-4C75-8427-8D17115FCA5C}.Release|Any CPU.ActiveCfg = Release|Any CPU
		{FE78004B-F053-4C75-8427-8D17115FCA5C}.Release|Any CPU.Build.0 = Release|Any CPU
		{FF1EBDDC-F5B6-4304-AC05-7F325C21D10D}.Debug|Any CPU.ActiveCfg = Debug|Any CPU
		{FF1EBDDC-F5B6-4304-AC05-7F325C21D10D}.Debug|Any CPU.Build.0 = Debug|Any CPU
		{FF1EBDDC-F5B6-4304-AC05-7F325C21D10D}.Release|Any CPU.ActiveCfg = Release|Any CPU
		{FF1EBDDC-F5B6-4304-AC05-7F325C21D10D}.Release|Any CPU.Build.0 = Release|Any CPU
	EndGlobalSection
	GlobalSection(SolutionProperties) = preSolution
		HideSolutionNode = FALSE
	EndGlobalSection
	GlobalSection(NestedProjects) = preSolution
		{07261E94-73FD-43C5-AAAA-8C61E7576E47} = {C0855812-2EBC-415D-92D3-C3B100DB3203}
		{47DC06C9-8A99-436D-B114-06EBA0FEF260} = {3524A747-8514-4044-B1A1-049F1ACB3419}
		{EB55C6F7-C336-4A59-9588-11F6943E9A62} = {47DC06C9-8A99-436D-B114-06EBA0FEF260}
		{5EBEE786-AE2E-4417-83CF-0468BFCBDC76} = {47DC06C9-8A99-436D-B114-06EBA0FEF260}
		{CA4633C1-3423-4774-8575-58D1A69B9249} = {47DC06C9-8A99-436D-B114-06EBA0FEF260}
		{B548ECDD-C64F-44A1-8D3B-8708129D423C} = {47DC06C9-8A99-436D-B114-06EBA0FEF260}
		{C0F0BB0E-07FE-4D5B-84D6-99B390FEE480} = {47DC06C9-8A99-436D-B114-06EBA0FEF260}
		{4C14DAC8-1503-4B4B-A4BE-92DEB7FA0BDB} = {64E26841-2083-4D77-9238-20D5C3A1F993}
		{A3BCC22A-1330-4D1B-B2A5-16E91AA1BDD3} = {4C14DAC8-1503-4B4B-A4BE-92DEB7FA0BDB}
		{2F814C2B-9C02-4188-AFBB-50572539ABCD} = {C0855812-2EBC-415D-92D3-C3B100DB3203}
		{FE78004B-F053-4C75-8427-8D17115FCA5C} = {2F814C2B-9C02-4188-AFBB-50572539ABCD}
		{FF1EBDDC-F5B6-4304-AC05-7F325C21D10D} = {2F814C2B-9C02-4188-AFBB-50572539ABCD}
	EndGlobalSection
	GlobalSection(ExtensibilityGlobals) = postSolution
		SolutionGuid = {19AB3133-5CDE-47FD-94A8-16088C24D599}
	EndGlobalSection
EndGlobal
